
Microsoft Visual Studio Solution File, Format Version 12.00
# Visual Studio Version 17
VisualStudioVersion = 17.4.33110.190
MinimumVisualStudioVersion = 10.0.40219.1
Project("{9A19103F-16F7-4668-BE54-9A1E7A4F7556}") = "AdventOfCode.Task1", "AdventOfCode.Task1\AdventOfCode.Task1.csproj", "{C671EA43-B9DF-485E-AEF2-2489CCF5C92B}"
EndProject
Project("{9A19103F-16F7-4668-BE54-9A1E7A4F7556}") = "AdventOfCode.Task2", "AdventOfCode.Task2\AdventOfCode.Task2.csproj", "{5183A960-B641-42C3-8323-1AC0D874A02F}"
EndProject
Project("{9A19103F-16F7-4668-BE54-9A1E7A4F7556}") = "AdventOfCode.Task3", "AdventOfCode.Task3\AdventOfCode.Task3.csproj", "{F1A0AD02-68F3-4C71-8DCF-E17855CF6BA1}"
EndProject
Project("{9A19103F-16F7-4668-BE54-9A1E7A4F7556}") = "AdventOfCode.Task4", "AdventOfCode.Task4\AdventOfCode.Task4.csproj", "{D0C1C72D-E7A0-4EBF-B589-3552DE710728}"
EndProject
Project("{9A19103F-16F7-4668-BE54-9A1E7A4F7556}") = "AdventOfCode.Task5", "AdventOfCode.Task5\AdventOfCode.Task5.csproj", "{D91FF922-A1BA-48A4-A595-7250F5377FBC}"
EndProject
Project("{9A19103F-16F7-4668-BE54-9A1E7A4F7556}") = "AdventOfCode.Task6", "AdventOfCode.Task6\AdventOfCode.Task6.csproj", "{B6F1F736-07C1-435B-A7C7-7E4F2C0E87C7}"
EndProject
Project("{9A19103F-16F7-4668-BE54-9A1E7A4F7556}") = "AdventOfCode.Task7", "AdventOfCode.Task7\AdventOfCode.Task7.csproj", "{B3E2D3FB-A602-471B-87ED-6AACD25535D9}"
EndProject
Project("{9A19103F-16F7-4668-BE54-9A1E7A4F7556}") = "AdventOfCode.Task8", "AdventOfCode.Task8\AdventOfCode.Task8.csproj", "{72F0DC80-C35D-4C7B-AB26-E096F9D765ED}"
EndProject
Project("{9A19103F-16F7-4668-BE54-9A1E7A4F7556}") = "AdventOfCode.Task9", "AdventOfCode.Task9\AdventOfCode.Task9.csproj", "{1DF991DB-64BF-4F5C-AA7B-A981892FFBA0}"
EndProject
Project("{9A19103F-16F7-4668-BE54-9A1E7A4F7556}") = "AdventOfCode.Task10", "AdventOfCode.Task10\AdventOfCode.Task10.csproj", "{B79AB66A-889D-408B-9624-4E01A2EBAB0E}"
EndProject
Project("{FAE04EC0-301F-11D3-BF4B-00C04F79EFBC}") = "AdventOfCode.Task11", "AdventOfCode.Task11\AdventOfCode.Task11.csproj", "{67B5F2C5-3103-4D5A-83BF-D70140C53845}"
EndProject
Global
	GlobalSection(SolutionConfigurationPlatforms) = preSolution
		Debug|Any CPU = Debug|Any CPU
		Release|Any CPU = Release|Any CPU
	EndGlobalSection
	GlobalSection(ProjectConfigurationPlatforms) = postSolution
		{C671EA43-B9DF-485E-AEF2-2489CCF5C92B}.Debug|Any CPU.ActiveCfg = Debug|Any CPU
		{C671EA43-B9DF-485E-AEF2-2489CCF5C92B}.Debug|Any CPU.Build.0 = Debug|Any CPU
		{C671EA43-B9DF-485E-AEF2-2489CCF5C92B}.Release|Any CPU.ActiveCfg = Release|Any CPU
		{C671EA43-B9DF-485E-AEF2-2489CCF5C92B}.Release|Any CPU.Build.0 = Release|Any CPU
		{5183A960-B641-42C3-8323-1AC0D874A02F}.Debug|Any CPU.ActiveCfg = Debug|Any CPU
		{5183A960-B641-42C3-8323-1AC0D874A02F}.Debug|Any CPU.Build.0 = Debug|Any CPU
		{5183A960-B641-42C3-8323-1AC0D874A02F}.Release|Any CPU.ActiveCfg = Release|Any CPU
		{5183A960-B641-42C3-8323-1AC0D874A02F}.Release|Any CPU.Build.0 = Release|Any CPU
		{F1A0AD02-68F3-4C71-8DCF-E17855CF6BA1}.Debug|Any CPU.ActiveCfg = Debug|Any CPU
		{F1A0AD02-68F3-4C71-8DCF-E17855CF6BA1}.Debug|Any CPU.Build.0 = Debug|Any CPU
		{F1A0AD02-68F3-4C71-8DCF-E17855CF6BA1}.Release|Any CPU.ActiveCfg = Release|Any CPU
		{F1A0AD02-68F3-4C71-8DCF-E17855CF6BA1}.Release|Any CPU.Build.0 = Release|Any CPU
		{D0C1C72D-E7A0-4EBF-B589-3552DE710728}.Debug|Any CPU.ActiveCfg = Debug|Any CPU
		{D0C1C72D-E7A0-4EBF-B589-3552DE710728}.Debug|Any CPU.Build.0 = Debug|Any CPU
		{D0C1C72D-E7A0-4EBF-B589-3552DE710728}.Release|Any CPU.ActiveCfg = Release|Any CPU
		{D0C1C72D-E7A0-4EBF-B589-3552DE710728}.Release|Any CPU.Build.0 = Release|Any CPU
		{D91FF922-A1BA-48A4-A595-7250F5377FBC}.Debug|Any CPU.ActiveCfg = Debug|Any CPU
		{D91FF922-A1BA-48A4-A595-7250F5377FBC}.Debug|Any CPU.Build.0 = Debug|Any CPU
		{D91FF922-A1BA-48A4-A595-7250F5377FBC}.Release|Any CPU.ActiveCfg = Release|Any CPU
		{D91FF922-A1BA-48A4-A595-7250F5377FBC}.Release|Any CPU.Build.0 = Release|Any CPU
		{B6F1F736-07C1-435B-A7C7-7E4F2C0E87C7}.Debug|Any CPU.ActiveCfg = Debug|Any CPU
		{B6F1F736-07C1-435B-A7C7-7E4F2C0E87C7}.Debug|Any CPU.Build.0 = Debug|Any CPU
		{B6F1F736-07C1-435B-A7C7-7E4F2C0E87C7}.Release|Any CPU.ActiveCfg = Release|Any CPU
		{B6F1F736-07C1-435B-A7C7-7E4F2C0E87C7}.Release|Any CPU.Build.0 = Release|Any CPU
		{B3E2D3FB-A602-471B-87ED-6AACD25535D9}.Debug|Any CPU.ActiveCfg = Debug|Any CPU
		{B3E2D3FB-A602-471B-87ED-6AACD25535D9}.Debug|Any CPU.Build.0 = Debug|Any CPU
		{B3E2D3FB-A602-471B-87ED-6AACD25535D9}.Release|Any CPU.ActiveCfg = Release|Any CPU
		{B3E2D3FB-A602-471B-87ED-6AACD25535D9}.Release|Any CPU.Build.0 = Release|Any CPU
		{72F0DC80-C35D-4C7B-AB26-E096F9D765ED}.Debug|Any CPU.ActiveCfg = Debug|Any CPU
		{72F0DC80-C35D-4C7B-AB26-E096F9D765ED}.Debug|Any CPU.Build.0 = Debug|Any CPU
		{72F0DC80-C35D-4C7B-AB26-E096F9D765ED}.Release|Any CPU.ActiveCfg = Release|Any CPU
		{72F0DC80-C35D-4C7B-AB26-E096F9D765ED}.Release|Any CPU.Build.0 = Release|Any CPU
		{1DF991DB-64BF-4F5C-AA7B-A981892FFBA0}.Debug|Any CPU.ActiveCfg = Debug|Any CPU
		{1DF991DB-64BF-4F5C-AA7B-A981892FFBA0}.Debug|Any CPU.Build.0 = Debug|Any CPU
		{1DF991DB-64BF-4F5C-AA7B-A981892FFBA0}.Release|Any CPU.ActiveCfg = Release|Any CPU
		{1DF991DB-64BF-4F5C-AA7B-A981892FFBA0}.Release|Any CPU.Build.0 = Release|Any CPU
		{B79AB66A-889D-408B-9624-4E01A2EBAB0E}.Debug|Any CPU.ActiveCfg = Debug|Any CPU
		{B79AB66A-889D-408B-9624-4E01A2EBAB0E}.Debug|Any CPU.Build.0 = Debug|Any CPU
		{B79AB66A-889D-408B-9624-4E01A2EBAB0E}.Release|Any CPU.ActiveCfg = Release|Any CPU
		{B79AB66A-889D-408B-9624-4E01A2EBAB0E}.Release|Any CPU.Build.0 = Release|Any CPU
		{67B5F2C5-3103-4D5A-83BF-D70140C53845}.Debug|Any CPU.ActiveCfg = Debug|Any CPU
		{67B5F2C5-3103-4D5A-83BF-D70140C53845}.Debug|Any CPU.Build.0 = Debug|Any CPU
		{67B5F2C5-3103-4D5A-83BF-D70140C53845}.Release|Any CPU.ActiveCfg = Release|Any CPU
		{67B5F2C5-3103-4D5A-83BF-D70140C53845}.Release|Any CPU.Build.0 = Release|Any CPU
	EndGlobalSection
	GlobalSection(SolutionProperties) = preSolution
		HideSolutionNode = FALSE
	EndGlobalSection
	GlobalSection(ExtensibilityGlobals) = postSolution
		SolutionGuid = {B9AEB684-0672-413E-A2B5-D745E6EB0819}
	EndGlobalSection
EndGlobal
